// !$*UTF8*$!
{
	archiveVersion = 1;
	classes = {
	};
	objectVersion = 48;
	objects = {

/* Begin PBXBuildFile section */
		17324A1D1FC41A2800CFED8A /* AppDelegate.swift in Sources */ = {isa = PBXBuildFile; fileRef = 17324A1C1FC41A2800CFED8A /* AppDelegate.swift */; };
		17324A1F1FC41A2800CFED8A /* ViewController.swift in Sources */ = {isa = PBXBuildFile; fileRef = 17324A1E1FC41A2800CFED8A /* ViewController.swift */; };
		17324A221FC41A2800CFED8A /* Main.storyboard in Resources */ = {isa = PBXBuildFile; fileRef = 17324A201FC41A2800CFED8A /* Main.storyboard */; };
		17324A241FC41A2800CFED8A /* Assets.xcassets in Resources */ = {isa = PBXBuildFile; fileRef = 17324A231FC41A2800CFED8A /* Assets.xcassets */; };
		17324A271FC41A2800CFED8A /* LaunchScreen.storyboard in Resources */ = {isa = PBXBuildFile; fileRef = 17324A251FC41A2800CFED8A /* LaunchScreen.storyboard */; };
		17324A2F1FC41A7E00CFED8A /* VideoViewController.swift in Sources */ = {isa = PBXBuildFile; fileRef = 17324A2E1FC41A7E00CFED8A /* VideoViewController.swift */; };
		17324A331FC420A100CFED8A /* SampleVideo2.mp4 in Resources */ = {isa = PBXBuildFile; fileRef = 17324A311FC420A100CFED8A /* SampleVideo2.mp4 */; };
		17324A341FC420A100CFED8A /* SampleVideo.mp4 in Resources */ = {isa = PBXBuildFile; fileRef = 17324A321FC420A100CFED8A /* SampleVideo.mp4 */; };
/* End PBXBuildFile section */

/* Begin PBXFileReference section */
		17324A191FC41A2800CFED8A /* ComparePlayer.app */ = {isa = PBXFileReference; explicitFileType = wrapper.application; includeInIndex = 0; path = ComparePlayer.app; sourceTree = BUILT_PRODUCTS_DIR; };
		17324A1C1FC41A2800CFED8A /* AppDelegate.swift */ = {isa = PBXFileReference; lastKnownFileType = sourcecode.swift; path = AppDelegate.swift; sourceTree = "<group>"; };
		17324A1E1FC41A2800CFED8A /* ViewController.swift */ = {isa = PBXFileReference; lastKnownFileType = sourcecode.swift; path = ViewController.swift; sourceTree = "<group>"; };
		17324A211FC41A2800CFED8A /* Base */ = {isa = PBXFileReference; lastKnownFileType = file.storyboard; name = Base; path = Base.lproj/Main.storyboard; sourceTree = "<group>"; };
		17324A231FC41A2800CFED8A /* Assets.xcassets */ = {isa = PBXFileReference; lastKnownFileType = folder.assetcatalog; path = Assets.xcassets; sourceTree = "<group>"; };
		17324A261FC41A2800CFED8A /* Base */ = {isa = PBXFileReference; lastKnownFileType = file.storyboard; name = Base; path = Base.lproj/LaunchScreen.storyboard; sourceTree = "<group>"; };
		17324A281FC41A2800CFED8A /* Info.plist */ = {isa = PBXFileReference; lastKnownFileType = text.plist.xml; path = Info.plist; sourceTree = "<group>"; };
		17324A2E1FC41A7E00CFED8A /* VideoViewController.swift */ = {isa = PBXFileReference; lastKnownFileType = sourcecode.swift; path = VideoViewController.swift; sourceTree = "<group>"; };
		17324A311FC420A100CFED8A /* SampleVideo2.mp4 */ = {isa = PBXFileReference; lastKnownFileType = file; path = SampleVideo2.mp4; sourceTree = "<group>"; };
		17324A321FC420A100CFED8A /* SampleVideo.mp4 */ = {isa = PBXFileReference; lastKnownFileType = file; path = SampleVideo.mp4; sourceTree = "<group>"; };
/* End PBXFileReference section */

/* Begin PBXFrameworksBuildPhase section */
		17324A161FC41A2800CFED8A /* Frameworks */ = {
			isa = PBXFrameworksBuildPhase;
			buildActionMask = 2147483647;
			files = (
			);
			runOnlyForDeploymentPostprocessing = 0;
		};
/* End PBXFrameworksBuildPhase section */

/* Begin PBXGroup section */
		17324A101FC41A2800CFED8A = {
			isa = PBXGroup;
			children = (
				17324A1B1FC41A2800CFED8A /* ComparePlayer */,
				17324A1A1FC41A2800CFED8A /* Products */,
			);
			sourceTree = "<group>";
		};
		17324A1A1FC41A2800CFED8A /* Products */ = {
			isa = PBXGroup;
			children = (
				17324A191FC41A2800CFED8A /* ComparePlayer.app */,
			);
			name = Products;
			sourceTree = "<group>";
		};
		17324A1B1FC41A2800CFED8A /* ComparePlayer */ = {
			isa = PBXGroup;
			children = (
				17324A301FC4209400CFED8A /* Resources */,
				17324A1C1FC41A2800CFED8A /* AppDelegate.swift */,
				17324A1E1FC41A2800CFED8A /* ViewController.swift */,
				17324A201FC41A2800CFED8A /* Main.storyboard */,
				17324A2E1FC41A7E00CFED8A /* VideoViewController.swift */,
				17324A231FC41A2800CFED8A /* Assets.xcassets */,
				17324A251FC41A2800CFED8A /* LaunchScreen.storyboard */,
				17324A281FC41A2800CFED8A /* Info.plist */,
			);
			path = ComparePlayer;
			sourceTree = "<group>";
		};
		17324A301FC4209400CFED8A /* Resources */ = {
			isa = PBXGroup;
			children = (
				17324A321FC420A100CFED8A /* SampleVideo.mp4 */,
				17324A311FC420A100CFED8A /* SampleVideo2.mp4 */,
			);
			path = Resources;
			sourceTree = "<group>";
		};
/* End PBXGroup section */

/* Begin PBXNativeTarget section */
		17324A181FC41A2800CFED8A /* ComparePlayer */ = {
			isa = PBXNativeTarget;
			buildConfigurationList = 17324A2B1FC41A2800CFED8A /* Build configuration list for PBXNativeTarget "ComparePlayer" */;
			buildPhases = (
				17324A151FC41A2800CFED8A /* Sources */,
				17324A161FC41A2800CFED8A /* Frameworks */,
				17324A171FC41A2800CFED8A /* Resources */,
			);
			buildRules = (
			);
			dependencies = (
			);
			name = ComparePlayer;
			productName = ComparePlayer;
			productReference = 17324A191FC41A2800CFED8A /* ComparePlayer.app */;
			productType = "com.apple.product-type.application";
		};
/* End PBXNativeTarget section */

/* Begin PBXProject section */
		17324A111FC41A2800CFED8A /* Project object */ = {
			isa = PBXProject;
			attributes = {
				LastSwiftUpdateCheck = 0910;
				LastUpgradeCheck = 0910;
				ORGANIZATIONNAME = "Sumin Hong";
				TargetAttributes = {
					17324A181FC41A2800CFED8A = {
						CreatedOnToolsVersion = 9.1;
						ProvisioningStyle = Automatic;
					};
				};
			};
			buildConfigurationList = 17324A141FC41A2800CFED8A /* Build configuration list for PBXProject "ComparePlayer" */;
			compatibilityVersion = "Xcode 8.0";
			developmentRegion = en;
			hasScannedForEncodings = 0;
			knownRegions = (
				en,
				Base,
			);
			mainGroup = 17324A101FC41A2800CFED8A;
			productRefGroup = 17324A1A1FC41A2800CFED8A /* Products */;
			projectDirPath = "";
			projectRoot = "";
			targets = (
				17324A181FC41A2800CFED8A /* ComparePlayer */,
			);
		};
/* End PBXProject section */

/* Begin PBXResourcesBuildPhase section */
		17324A171FC41A2800CFED8A /* Resources */ = {
			isa = PBXResourcesBuildPhase;
			buildActionMask = 2147483647;
			files = (
				17324A271FC41A2800CFED8A /* LaunchScreen.storyboard in Resources */,
				17324A241FC41A2800CFED8A /* Assets.xcassets in Resources */,
				17324A331FC420A100CFED8A /* SampleVideo2.mp4 in Resources */,
				17324A341FC420A100CFED8A /* SampleVideo.mp4 in Resources */,
				17324A221FC41A2800CFED8A /* Main.storyboard in Resources */,
			);
			runOnlyForDeploymentPostprocessing = 0;
		};
/* End PBXResourcesBuildPhase section */

/* Begin PBXSourcesBuildPhase section */
		17324A151FC41A2800CFED8A /* Sources */ = {
			isa = PBXSourcesBuildPhase;
			buildActionMask = 2147483647;
			files = (
				17324A1F1FC41A2800CFED8A /* ViewController.swift in Sources */,
				17324A1D1FC41A2800CFED8A /* AppDelegate.swift in Sources */,
				17324A2F1FC41A7E00CFED8A /* VideoViewController.swift in Sources */,
			);
			runOnlyForDeploymentPostprocessing = 0;
		};
/* End PBXSourcesBuildPhase section */

/* Begin PBXVariantGroup section */
		17324A201FC41A2800CFED8A /* Main.storyboard */ = {
			isa = PBXVariantGroup;
			children = (
				17324A211FC41A2800CFED8A /* Base */,
			);
			name = Main.storyboard;
			sourceTree = "<group>";
		};
		17324A251FC41A2800CFED8A /* LaunchScreen.storyboard */ = {
			isa = PBXVariantGroup;
			children = (
				17324A261FC41A2800CFED8A /* Base */,
			);
			name = LaunchScreen.storyboard;
			sourceTree = "<group>";
		};
/* End PBXVariantGroup section */

/* Begin XCBuildConfiguration section */
		17324A291FC41A2800CFED8A /* Debug */ = {
			isa = XCBuildConfiguration;
			buildSettings = {
				ALWAYS_SEARCH_USER_PATHS = NO;
				CLANG_ANALYZER_NONNULL = YES;
				CLANG_ANALYZER_NUMBER_OBJECT_CONVERSION = YES_AGGRESSIVE;
				CLANG_CXX_LANGUAGE_STANDARD = "gnu++14";
				CLANG_CXX_LIBRARY = "libc++";
				CLANG_ENABLE_MODULES = YES;
				CLANG_ENABLE_OBJC_ARC = YES;
				CLANG_WARN_BLOCK_CAPTURE_AUTORELEASING = YES;
				CLANG_WARN_BOOL_CONVERSION = YES;
				CLANG_WARN_COMMA = YES;
				CLANG_WARN_CONSTANT_CONVERSION = YES;
				CLANG_WARN_DIRECT_OBJC_ISA_USAGE = YES_ERROR;
				CLANG_WARN_DOCUMENTATION_COMMENTS = YES;
				CLANG_WARN_EMPTY_BODY = YES;
				CLANG_WARN_ENUM_CONVERSION = YES;
				CLANG_WARN_INFINITE_RECURSION = YES;
				CLANG_WARN_INT_CONVERSION = YES;
				CLANG_WARN_NON_LITERAL_NULL_CONVERSION = YES;
				CLANG_WARN_OBJC_LITERAL_CONVERSION = YES;
				CLANG_WARN_OBJC_ROOT_CLASS = YES_ERROR;
				CLANG_WARN_RANGE_LOOP_ANALYSIS = YES;
				CLANG_WARN_STRICT_PROTOTYPES = YES;
				CLANG_WARN_SUSPICIOUS_MOVE = YES;
				CLANG_WARN_UNGUARDED_AVAILABILITY = YES_AGGRESSIVE;
				CLANG_WARN_UNREACHABLE_CODE = YES;
				CLANG_WARN__DUPLICATE_METHOD_MATCH = YES;
				CODE_SIGN_IDENTITY = "iPhone Developer";
				COPY_PHASE_STRIP = NO;
				DEBUG_INFORMATION_FORMAT = dwarf;
				ENABLE_STRICT_OBJC_MSGSEND = YES;
				ENABLE_TESTABILITY = YES;
				GCC_C_LANGUAGE_STANDARD = gnu11;
				GCC_DYNAMIC_NO_PIC = NO;
				GCC_NO_COMMON_BLOCKS = YES;
				GCC_OPTIMIZATION_LEVEL = 0;
				GCC_PREPROCESSOR_DEFINITIONS = (
					"DEBUG=1",
					"$(inherited)",
				);
				GCC_WARN_64_TO_32_BIT_CONVERSION = YES;
				GCC_WARN_ABOUT_RETURN_TYPE = YES_ERROR;
				GCC_WARN_UNDECLARED_SELECTOR = YES;
				GCC_WARN_UNINITIALIZED_AUTOS = YES_AGGRESSIVE;
				GCC_WARN_UNUSED_FUNCTION = YES;
				GCC_WARN_UNUSED_VARIABLE = YES;
				IPHONEOS_DEPLOYMENT_TARGET = 11.1;
				MTL_ENABLE_DEBUG_INFO = YES;
				ONLY_ACTIVE_ARCH = YES;
				SDKROOT = iphoneos;
				SWIFT_ACTIVE_COMPILATION_CONDITIONS = DEBUG;
				SWIFT_OPTIMIZATION_LEVEL = "-Onone";
			};
			name = Debug;
		};
		17324A2A1FC41A2800CFED8A /* Release */ = {
			isa = XCBuildConfiguration;
			buildSettings = {
				ALWAYS_SEARCH_USER_PATHS = NO;
				CLANG_ANALYZER_NONNULL = YES;
				CLANG_ANALYZER_NUMBER_OBJECT_CONVERSION = YES_AGGRESSIVE;
				CLANG_CXX_LANGUAGE_STANDARD = "gnu++14";
				CLANG_CXX_LIBRARY = "libc++";
				CLANG_ENABLE_MODULES = YES;
				CLANG_ENABLE_OBJC_ARC = YES;
				CLANG_WARN_BLOCK_CAPTURE_AUTORELEASING = YES;
				CLANG_WARN_BOOL_CONVERSION = YES;
				CLANG_WARN_COMMA = YES;
				CLANG_WARN_CONSTANT_CONVERSION = YES;
				CLANG_WARN_DIRECT_OBJC_ISA_USAGE = YES_ERROR;
				CLANG_WARN_DOCUMENTATION_COMMENTS = YES;
				CLANG_WARN_EMPTY_BODY = YES;
				CLANG_WARN_ENUM_CONVERSION = YES;
				CLANG_WARN_INFINITE_RECURSION = YES;
				CLANG_WARN_INT_CONVERSION = YES;
				CLANG_WARN_NON_LITERAL_NULL_CONVERSION = YES;
				CLANG_WARN_OBJC_LITERAL_CONVERSION = YES;
				CLANG_WARN_OBJC_ROOT_CLASS = YES_ERROR;
				CLANG_WARN_RANGE_LOOP_ANALYSIS = YES;
				CLANG_WARN_STRICT_PROTOTYPES = YES;
				CLANG_WARN_SUSPICIOUS_MOVE = YES;
				CLANG_WARN_UNGUARDED_AVAILABILITY = YES_AGGRESSIVE;
				CLANG_WARN_UNREACHABLE_CODE = YES;
				CLANG_WARN__DUPLICATE_METHOD_MATCH = YES;
				CODE_SIGN_IDENTITY = "iPhone Developer";
				COPY_PHASE_STRIP = NO;
				DEBUG_INFORMATION_FORMAT = "dwarf-with-dsym";
				ENABLE_NS_ASSERTIONS = NO;
				ENABLE_STRICT_OBJC_MSGSEND = YES;
				GCC_C_LANGUAGE_STANDARD = gnu11;
				GCC_NO_COMMON_BLOCKS = YES;
				GCC_WARN_64_TO_32_BIT_CONVERSION = YES;
				GCC_WARN_ABOUT_RETURN_TYPE = YES_ERROR;
				GCC_WARN_UNDECLARED_SELECTOR = YES;
				GCC_WARN_UNINITIALIZED_AUTOS = YES_AGGRESSIVE;
				GCC_WARN_UNUSED_FUNCTION = YES;
				GCC_WARN_UNUSED_VARIABLE = YES;
				IPHONEOS_DEPLOYMENT_TARGET = 11.1;
				MTL_ENABLE_DEBUG_INFO = NO;
				SDKROOT = iphoneos;
				SWIFT_OPTIMIZATION_LEVEL = "-Owholemodule";
				VALIDATE_PRODUCT = YES;
			};
			name = Release;
		};
		17324A2C1FC41A2800CFED8A /* Debug */ = {
			isa = XCBuildConfiguration;
			buildSettings = {
				ASSETCATALOG_COMPILER_APPICON_NAME = AppIcon;
				CODE_SIGN_STYLE = Automatic;
				DEVELOPMENT_TEAM = 7KJDNC2AL2;
				INFOPLIST_FILE = ComparePlayer/Info.plist;
				LD_RUNPATH_SEARCH_PATHS = "$(inherited) @executable_path/Frameworks";
				PRODUCT_BUNDLE_IDENTIFIER = com.hsue.ComparePlayer;
				PRODUCT_NAME = "$(TARGET_NAME)";
				SWIFT_VERSION = 4.0;
				TARGETED_DEVICE_FAMILY = "1,2";
			};
			name = Debug;
		};
		17324A2D1FC41A2800CFED8A /* Release */ = {
			isa = XCBuildConfiguration;
			buildSettings = {
				ASSETCATALOG_COMPILER_APPICON_NAME = AppIcon;
				CODE_SIGN_STYLE = Automatic;
				DEVELOPMENT_TEAM = 7KJDNC2AL2;
				INFOPLIST_FILE = ComparePlayer/Info.plist;
				LD_RUNPATH_SEARCH_PATHS = "$(inherited) @executable_path/Frameworks";
				PRODUCT_BUNDLE_IDENTIFIER = com.hsue.ComparePlayer;
				PRODUCT_NAME = "$(TARGET_NAME)";
				SWIFT_VERSION = 4.0;
				TARGETED_DEVICE_FAMILY = "1,2";
			};
			name = Release;
		};
/* End XCBuildConfiguration section */

/* Begin XCConfigurationList section */
		17324A141FC41A2800CFED8A /* Build configuration list for PBXProject "ComparePlayer" */ = {
			isa = XCConfigurationList;
			buildConfigurations = (
				17324A291FC41A2800CFED8A /* Debug */,
				17324A2A1FC41A2800CFED8A /* Release */,
			);
			defaultConfigurationIsVisible = 0;
			defaultConfigurationName = Release;
		};
		17324A2B1FC41A2800CFED8A /* Build configuration list for PBXNativeTarget "ComparePlayer" */ = {
			isa = XCConfigurationList;
			buildConfigurations = (
				17324A2C1FC41A2800CFED8A /* Debug */,
				17324A2D1FC41A2800CFED8A /* Release */,
			);
			defaultConfigurationIsVisible = 0;
			defaultConfigurationName = Release;
		};
/* End XCConfigurationList section */
	};
	rootObject = 17324A111FC41A2800CFED8A /* Project object */;
}
